
Microsoft Visual Studio Solution File, Format Version 12.00
# Visual Studio 14
VisualStudioVersion = 14.0.25420.1
MinimumVisualStudioVersion = 10.0.40219.1
Project("{FAE04EC0-301F-11D3-BF4B-00C04F79EFBC}") = "4_XAML_Overview", "XAML_Overview\4_XAML_Overview.csproj", "{54D84219-4CF9-4B80-9311-25DAB0D100CE}"
EndProject
Project("{FAE04EC0-301F-11D3-BF4B-00C04F79EFBC}") = "5_Elements_Tree", "5_Elements_Tree\5_Elements_Tree.csproj", "{B144542F-DD3F-4C0C-827F-A6BD168AFA89}"
EndProject
Project("{FAE04EC0-301F-11D3-BF4B-00C04F79EFBC}") = "6_Dependency_Properties", "6_Dependency_Properties\6_Dependency_Properties.csproj", "{3BEA9A7D-3985-4A0B-95E6-D49F3637CD5D}"
EndProject
Project("{FAE04EC0-301F-11D3-BF4B-00C04F79EFBC}") = "7_Routed_Event", "7_Routed_Event\7_Routed_Event.csproj", "{15D63FF5-2E71-45E8-A6E4-2C89A1252DDF}"
EndProject
Project("{FAE04EC0-301F-11D3-BF4B-00C04F79EFBC}") = "8-32_Controls", "Controls\8-32_Controls.csproj", "{242FE712-230C-4E6E-A09B-B15DC4D4DA91}"
EndProject
Project("{FAE04EC0-301F-11D3-BF4B-00C04F79EFBC}") = "33_Layouts", "33_Layouts\33_Layouts.csproj", "{CA0AEDB7-98BA-4B2B-9204-0419C8DC6559}"
EndProject
Project("{FAE04EC0-301F-11D3-BF4B-00C04F79EFBC}") = "35_Input", "35_Input\35_Input.csproj", "{A9FC4EC1-5D86-424D-AEBC-B6DD4F5C8665}"
EndProject
Project("{FAE04EC0-301F-11D3-BF4B-00C04F79EFBC}") = "36_CommandLine", "36_CommandLine\36_CommandLine.csproj", "{7D2E7D5F-73A2-411F-8980-F82835AAB254}"
EndProject
Project("{FAE04EC0-301F-11D3-BF4B-00C04F79EFBC}") = "37_Data_Binding", "37_Data_Binding\37_Data_Binding.csproj", "{5DCFBE1F-6435-46F8-A94D-43AB74609373}"
EndProject
Project("{FAE04EC0-301F-11D3-BF4B-00C04F79EFBC}") = "38_Resources", "38_Resources\38_Resources.csproj", "{30763B76-F7EF-47FD-B7A9-F912E75BDBE6}"
EndProject
Project("{FAE04EC0-301F-11D3-BF4B-00C04F79EFBC}") = "39_Templates", "39_Templates\39_Templates.csproj", "{EBD8B404-F970-4401-ABEC-BC754F579C7A}"
EndProject
Global
	GlobalSection(SolutionConfigurationPlatforms) = preSolution
		Debug|Any CPU = Debug|Any CPU
		Release|Any CPU = Release|Any CPU
	EndGlobalSection
	GlobalSection(ProjectConfigurationPlatforms) = postSolution
		{54D84219-4CF9-4B80-9311-25DAB0D100CE}.Debug|Any CPU.ActiveCfg = Debug|Any CPU
		{54D84219-4CF9-4B80-9311-25DAB0D100CE}.Debug|Any CPU.Build.0 = Debug|Any CPU
		{54D84219-4CF9-4B80-9311-25DAB0D100CE}.Release|Any CPU.ActiveCfg = Release|Any CPU
		{54D84219-4CF9-4B80-9311-25DAB0D100CE}.Release|Any CPU.Build.0 = Release|Any CPU
		{B144542F-DD3F-4C0C-827F-A6BD168AFA89}.Debug|Any CPU.ActiveCfg = Debug|Any CPU
		{B144542F-DD3F-4C0C-827F-A6BD168AFA89}.Debug|Any CPU.Build.0 = Debug|Any CPU
		{B144542F-DD3F-4C0C-827F-A6BD168AFA89}.Release|Any CPU.ActiveCfg = Release|Any CPU
		{B144542F-DD3F-4C0C-827F-A6BD168AFA89}.Release|Any CPU.Build.0 = Release|Any CPU
		{3BEA9A7D-3985-4A0B-95E6-D49F3637CD5D}.Debug|Any CPU.ActiveCfg = Debug|Any CPU
		{3BEA9A7D-3985-4A0B-95E6-D49F3637CD5D}.Debug|Any CPU.Build.0 = Debug|Any CPU
		{3BEA9A7D-3985-4A0B-95E6-D49F3637CD5D}.Release|Any CPU.ActiveCfg = Release|Any CPU
		{3BEA9A7D-3985-4A0B-95E6-D49F3637CD5D}.Release|Any CPU.Build.0 = Release|Any CPU
		{15D63FF5-2E71-45E8-A6E4-2C89A1252DDF}.Debug|Any CPU.ActiveCfg = Debug|Any CPU
		{15D63FF5-2E71-45E8-A6E4-2C89A1252DDF}.Debug|Any CPU.Build.0 = Debug|Any CPU
		{15D63FF5-2E71-45E8-A6E4-2C89A1252DDF}.Release|Any CPU.ActiveCfg = Release|Any CPU
		{15D63FF5-2E71-45E8-A6E4-2C89A1252DDF}.Release|Any CPU.Build.0 = Release|Any CPU
		{242FE712-230C-4E6E-A09B-B15DC4D4DA91}.Debug|Any CPU.ActiveCfg = Debug|Any CPU
		{242FE712-230C-4E6E-A09B-B15DC4D4DA91}.Debug|Any CPU.Build.0 = Debug|Any CPU
		{242FE712-230C-4E6E-A09B-B15DC4D4DA91}.Release|Any CPU.ActiveCfg = Release|Any CPU
		{242FE712-230C-4E6E-A09B-B15DC4D4DA91}.Release|Any CPU.Build.0 = Release|Any CPU
		{CA0AEDB7-98BA-4B2B-9204-0419C8DC6559}.Debug|Any CPU.ActiveCfg = Debug|Any CPU
		{CA0AEDB7-98BA-4B2B-9204-0419C8DC6559}.Debug|Any CPU.Build.0 = Debug|Any CPU
		{CA0AEDB7-98BA-4B2B-9204-0419C8DC6559}.Release|Any CPU.ActiveCfg = Release|Any CPU
		{CA0AEDB7-98BA-4B2B-9204-0419C8DC6559}.Release|Any CPU.Build.0 = Release|Any CPU
		{A9FC4EC1-5D86-424D-AEBC-B6DD4F5C8665}.Debug|Any CPU.ActiveCfg = Debug|Any CPU
		{A9FC4EC1-5D86-424D-AEBC-B6DD4F5C8665}.Debug|Any CPU.Build.0 = Debug|Any CPU
		{A9FC4EC1-5D86-424D-AEBC-B6DD4F5C8665}.Release|Any CPU.ActiveCfg = Release|Any CPU
		{A9FC4EC1-5D86-424D-AEBC-B6DD4F5C8665}.Release|Any CPU.Build.0 = Release|Any CPU
		{7D2E7D5F-73A2-411F-8980-F82835AAB254}.Debug|Any CPU.ActiveCfg = Debug|Any CPU
		{7D2E7D5F-73A2-411F-8980-F82835AAB254}.Debug|Any CPU.Build.0 = Debug|Any CPU
		{7D2E7D5F-73A2-411F-8980-F82835AAB254}.Release|Any CPU.ActiveCfg = Release|Any CPU
		{7D2E7D5F-73A2-411F-8980-F82835AAB254}.Release|Any CPU.Build.0 = Release|Any CPU
		{5DCFBE1F-6435-46F8-A94D-43AB74609373}.Debug|Any CPU.ActiveCfg = Debug|Any CPU
		{5DCFBE1F-6435-46F8-A94D-43AB74609373}.Debug|Any CPU.Build.0 = Debug|Any CPU
		{5DCFBE1F-6435-46F8-A94D-43AB74609373}.Release|Any CPU.ActiveCfg = Release|Any CPU
		{5DCFBE1F-6435-46F8-A94D-43AB74609373}.Release|Any CPU.Build.0 = Release|Any CPU
		{30763B76-F7EF-47FD-B7A9-F912E75BDBE6}.Debug|Any CPU.ActiveCfg = Debug|Any CPU
		{30763B76-F7EF-47FD-B7A9-F912E75BDBE6}.Debug|Any CPU.Build.0 = Debug|Any CPU
		{30763B76-F7EF-47FD-B7A9-F912E75BDBE6}.Release|Any CPU.ActiveCfg = Release|Any CPU
		{30763B76-F7EF-47FD-B7A9-F912E75BDBE6}.Release|Any CPU.Build.0 = Release|Any CPU
		{EBD8B404-F970-4401-ABEC-BC754F579C7A}.Debug|Any CPU.ActiveCfg = Debug|Any CPU
		{EBD8B404-F970-4401-ABEC-BC754F579C7A}.Debug|Any CPU.Build.0 = Debug|Any CPU
		{EBD8B404-F970-4401-ABEC-BC754F579C7A}.Release|Any CPU.ActiveCfg = Release|Any CPU
		{EBD8B404-F970-4401-ABEC-BC754F579C7A}.Release|Any CPU.Build.0 = Release|Any CPU
	EndGlobalSection
	GlobalSection(SolutionProperties) = preSolution
		HideSolutionNode = FALSE
	EndGlobalSection
EndGlobal
